
Microsoft Visual Studio Solution File, Format Version 12.00
# Visual Studio 2013
Project("{FAE04EC0-301F-11D3-BF4B-00C04F79EFBC}") = "UnityVS.DungeonCrawler.CSharp", "UnityVS.DungeonCrawler.CSharp.csproj", "{BD187CA5-1C63-4DFF-B9CA-1560EA5979CF}"
EndProject
Global
	GlobalSection(SolutionConfigurationPlatforms) = preSolution
		Debug|Any CPU = Debug|Any CPU
		Release|Any CPU = Release|Any CPU
	EndGlobalSection
	GlobalSection(ProjectConfigurationPlatforms) = postSolution
		{BD187CA5-1C63-4DFF-B9CA-1560EA5979CF}.Debug|Any CPU.ActiveCfg = Debug|Any CPU
		{BD187CA5-1C63-4DFF-B9CA-1560EA5979CF}.Debug|Any CPU.Build.0 = Debug|Any CPU
		{BD187CA5-1C63-4DFF-B9CA-1560EA5979CF}.Release|Any CPU.ActiveCfg = Release|Any CPU
		{BD187CA5-1C63-4DFF-B9CA-1560EA5979CF}.Release|Any CPU.Build.0 = Release|Any CPU
	EndGlobalSection
	GlobalSection(SolutionProperties) = preSolution
		HideSolutionNode = FALSE
	EndGlobalSection
EndGlobal
